// !$*UTF8*$!
{
	archiveVersion = 1;
	classes = {
	};
	objectVersion = 50;
	objects = {

/* Begin PBXAggregateTarget section */
		9E6E8E3D214B5DC100664C7F /* CommonCryptoModuleMap */ = {
			isa = PBXAggregateTarget;
			buildConfigurationList = 9E6E8E40214B5DC100664C7F /* Build configuration list for PBXAggregateTarget "CommonCryptoModuleMap" */;
			buildPhases = (
				9E6E8E41214B5DD000664C7F /* ShellScript */,
			);
			dependencies = (
			);
			name = CommonCryptoModuleMap;
			productName = CommonCryptoModuleMap;
		};
/* End PBXAggregateTarget section */

/* Begin PBXBuildFile section */
		9E0B2FBC20E5D78300F67E7D /* TLTextView.swift in Sources */ = {isa = PBXBuildFile; fileRef = 9E0B2FBB20E5D78300F67E7D /* TLTextView.swift */; };
		9E0B2FC420E603F500F67E7D /* AppDelegate.swift in Sources */ = {isa = PBXBuildFile; fileRef = 9E0B2FC320E603F500F67E7D /* AppDelegate.swift */; };
		9E0B2FC620E603F500F67E7D /* ViewController.swift in Sources */ = {isa = PBXBuildFile; fileRef = 9E0B2FC520E603F500F67E7D /* ViewController.swift */; };
		9E0B2FC920E603F500F67E7D /* Main.storyboard in Resources */ = {isa = PBXBuildFile; fileRef = 9E0B2FC720E603F500F67E7D /* Main.storyboard */; };
		9E0B2FCB20E603F500F67E7D /* Assets.xcassets in Resources */ = {isa = PBXBuildFile; fileRef = 9E0B2FCA20E603F500F67E7D /* Assets.xcassets */; };
		9E0B2FCE20E603F500F67E7D /* LaunchScreen.storyboard in Resources */ = {isa = PBXBuildFile; fileRef = 9E0B2FCC20E603F500F67E7D /* LaunchScreen.storyboard */; };
		9E0B2FD320E6042300F67E7D /* TLCommon.framework in Frameworks */ = {isa = PBXBuildFile; fileRef = 9E26E05620E4C8F5006B7693 /* TLCommon.framework */; };
		9E0B2FD420E6042300F67E7D /* TLCommon.framework in Embed Frameworks */ = {isa = PBXBuildFile; fileRef = 9E26E05620E4C8F5006B7693 /* TLCommon.framework */; settings = {ATTRIBUTES = (CodeSignOnCopy, RemoveHeadersOnCopy, ); }; };
		9E26E06720E4CC32006B7693 /* BaseNavigationController.swift in Sources */ = {isa = PBXBuildFile; fileRef = 9E26E06520E4CC32006B7693 /* BaseNavigationController.swift */; };
		9E26E06820E4CC32006B7693 /* BaseViewController.swift in Sources */ = {isa = PBXBuildFile; fileRef = 9E26E06620E4CC32006B7693 /* BaseViewController.swift */; };
		9E26E06B20E4CD31006B7693 /* Constant.swift in Sources */ = {isa = PBXBuildFile; fileRef = 9E26E06A20E4CD31006B7693 /* Constant.swift */; };
		9E26E07020E4CE11006B7693 /* LogUtils.swift in Sources */ = {isa = PBXBuildFile; fileRef = 9E26E06D20E4CE11006B7693 /* LogUtils.swift */; };
		9E26E07120E4CE11006B7693 /* SandBoxUtils.swift in Sources */ = {isa = PBXBuildFile; fileRef = 9E26E06E20E4CE11006B7693 /* SandBoxUtils.swift */; };
		9E26E07220E4CE11006B7693 /* Utils.swift in Sources */ = {isa = PBXBuildFile; fileRef = 9E26E06F20E4CE11006B7693 /* Utils.swift */; };
		9E26E07520E4D552006B7693 /* IDValidation.swift in Sources */ = {isa = PBXBuildFile; fileRef = 9E26E07420E4D552006B7693 /* IDValidation.swift */; };
		9E26E07720E4D6D5006B7693 /* StringExtension.swift in Sources */ = {isa = PBXBuildFile; fileRef = 9E26E07620E4D6D5006B7693 /* StringExtension.swift */; };
		9E26E07920E4D831006B7693 /* UIColorExtension.swift in Sources */ = {isa = PBXBuildFile; fileRef = 9E26E07820E4D831006B7693 /* UIColorExtension.swift */; };
		9E26E07B20E4D879006B7693 /* UIViewExtension.swift in Sources */ = {isa = PBXBuildFile; fileRef = 9E26E07A20E4D879006B7693 /* UIViewExtension.swift */; };
		9E26E07D20E4D8E0006B7693 /* UIImageExtension.swift in Sources */ = {isa = PBXBuildFile; fileRef = 9E26E07C20E4D8E0006B7693 /* UIImageExtension.swift */; };
		9E26E08020E4DBF6006B7693 /* TableEmptyable.swift in Sources */ = {isa = PBXBuildFile; fileRef = 9E26E07F20E4DBF6006B7693 /* TableEmptyable.swift */; };
		9E63B44820EB4A870028F6FE /* UIBarButtonItemFixSpace.swift in Sources */ = {isa = PBXBuildFile; fileRef = 9E63B44720EB4A870028F6FE /* UIBarButtonItemFixSpace.swift */; };
		9E63B44A20EB4AA00028F6FE /* DispatchQueueExtension.swift in Sources */ = {isa = PBXBuildFile; fileRef = 9E63B44920EB4AA00028F6FE /* DispatchQueueExtension.swift */; };
/* End PBXBuildFile section */

/* Begin PBXContainerItemProxy section */
		9E0B2FD520E6042300F67E7D /* PBXContainerItemProxy */ = {
			isa = PBXContainerItemProxy;
			containerPortal = 9E26E04D20E4C8F5006B7693 /* Project object */;
			proxyType = 1;
			remoteGlobalIDString = 9E26E05520E4C8F5006B7693;
			remoteInfo = TLCommon;
		};
		9E6E8E42214B5DF900664C7F /* PBXContainerItemProxy */ = {
			isa = PBXContainerItemProxy;
			containerPortal = 9E26E04D20E4C8F5006B7693 /* Project object */;
			proxyType = 1;
			remoteGlobalIDString = 9E6E8E3D214B5DC100664C7F;
			remoteInfo = CommonCryptoModuleMap;
		};
/* End PBXContainerItemProxy section */

/* Begin PBXCopyFilesBuildPhase section */
		9E0B2FD720E6042300F67E7D /* Embed Frameworks */ = {
			isa = PBXCopyFilesBuildPhase;
			buildActionMask = 2147483647;
			dstPath = "";
			dstSubfolderSpec = 10;
			files = (
				9E0B2FD420E6042300F67E7D /* TLCommon.framework in Embed Frameworks */,
			);
			name = "Embed Frameworks";
			runOnlyForDeploymentPostprocessing = 0;
		};
/* End PBXCopyFilesBuildPhase section */

/* Begin PBXFileReference section */
		9E0B2FBB20E5D78300F67E7D /* TLTextView.swift */ = {isa = PBXFileReference; fileEncoding = 4; lastKnownFileType = sourcecode.swift; path = TLTextView.swift; sourceTree = "<group>"; };
		9E0B2FC120E603F500F67E7D /* Example.app */ = {isa = PBXFileReference; explicitFileType = wrapper.application; includeInIndex = 0; path = Example.app; sourceTree = BUILT_PRODUCTS_DIR; };
		9E0B2FC320E603F500F67E7D /* AppDelegate.swift */ = {isa = PBXFileReference; lastKnownFileType = sourcecode.swift; path = AppDelegate.swift; sourceTree = "<group>"; };
		9E0B2FC520E603F500F67E7D /* ViewController.swift */ = {isa = PBXFileReference; lastKnownFileType = sourcecode.swift; path = ViewController.swift; sourceTree = "<group>"; };
		9E0B2FC820E603F500F67E7D /* Base */ = {isa = PBXFileReference; lastKnownFileType = file.storyboard; name = Base; path = Base.lproj/Main.storyboard; sourceTree = "<group>"; };
		9E0B2FCA20E603F500F67E7D /* Assets.xcassets */ = {isa = PBXFileReference; lastKnownFileType = folder.assetcatalog; path = Assets.xcassets; sourceTree = "<group>"; };
		9E0B2FCD20E603F500F67E7D /* Base */ = {isa = PBXFileReference; lastKnownFileType = file.storyboard; name = Base; path = Base.lproj/LaunchScreen.storyboard; sourceTree = "<group>"; };
		9E0B2FCF20E603F500F67E7D /* Info.plist */ = {isa = PBXFileReference; lastKnownFileType = text.plist.xml; path = Info.plist; sourceTree = "<group>"; };
		9E26E05620E4C8F5006B7693 /* TLCommon.framework */ = {isa = PBXFileReference; explicitFileType = wrapper.framework; includeInIndex = 0; path = TLCommon.framework; sourceTree = BUILT_PRODUCTS_DIR; };
		9E26E06220E4C92A006B7693 /* Info.plist */ = {isa = PBXFileReference; fileEncoding = 4; lastKnownFileType = text.plist.xml; path = Info.plist; sourceTree = "<group>"; };
		9E26E06520E4CC32006B7693 /* BaseNavigationController.swift */ = {isa = PBXFileReference; fileEncoding = 4; lastKnownFileType = sourcecode.swift; path = BaseNavigationController.swift; sourceTree = "<group>"; };
		9E26E06620E4CC32006B7693 /* BaseViewController.swift */ = {isa = PBXFileReference; fileEncoding = 4; lastKnownFileType = sourcecode.swift; path = BaseViewController.swift; sourceTree = "<group>"; };
		9E26E06A20E4CD31006B7693 /* Constant.swift */ = {isa = PBXFileReference; lastKnownFileType = sourcecode.swift; path = Constant.swift; sourceTree = "<group>"; };
		9E26E06D20E4CE11006B7693 /* LogUtils.swift */ = {isa = PBXFileReference; fileEncoding = 4; lastKnownFileType = sourcecode.swift; path = LogUtils.swift; sourceTree = "<group>"; };
		9E26E06E20E4CE11006B7693 /* SandBoxUtils.swift */ = {isa = PBXFileReference; fileEncoding = 4; lastKnownFileType = sourcecode.swift; path = SandBoxUtils.swift; sourceTree = "<group>"; };
		9E26E06F20E4CE11006B7693 /* Utils.swift */ = {isa = PBXFileReference; fileEncoding = 4; lastKnownFileType = sourcecode.swift; path = Utils.swift; sourceTree = "<group>"; };
		9E26E07420E4D552006B7693 /* IDValidation.swift */ = {isa = PBXFileReference; lastKnownFileType = sourcecode.swift; path = IDValidation.swift; sourceTree = "<group>"; };
		9E26E07620E4D6D5006B7693 /* StringExtension.swift */ = {isa = PBXFileReference; lastKnownFileType = sourcecode.swift; path = StringExtension.swift; sourceTree = "<group>"; };
		9E26E07820E4D831006B7693 /* UIColorExtension.swift */ = {isa = PBXFileReference; fileEncoding = 4; lastKnownFileType = sourcecode.swift; path = UIColorExtension.swift; sourceTree = "<group>"; };
		9E26E07A20E4D879006B7693 /* UIViewExtension.swift */ = {isa = PBXFileReference; fileEncoding = 4; lastKnownFileType = sourcecode.swift; path = UIViewExtension.swift; sourceTree = "<group>"; };
		9E26E07C20E4D8E0006B7693 /* UIImageExtension.swift */ = {isa = PBXFileReference; lastKnownFileType = sourcecode.swift; path = UIImageExtension.swift; sourceTree = "<group>"; };
		9E26E07F20E4DBF6006B7693 /* TableEmptyable.swift */ = {isa = PBXFileReference; fileEncoding = 4; lastKnownFileType = sourcecode.swift; path = TableEmptyable.swift; sourceTree = "<group>"; };
		9E63B44720EB4A870028F6FE /* UIBarButtonItemFixSpace.swift */ = {isa = PBXFileReference; fileEncoding = 4; lastKnownFileType = sourcecode.swift; path = UIBarButtonItemFixSpace.swift; sourceTree = "<group>"; };
		9E63B44920EB4AA00028F6FE /* DispatchQueueExtension.swift */ = {isa = PBXFileReference; fileEncoding = 4; lastKnownFileType = sourcecode.swift; path = DispatchQueueExtension.swift; sourceTree = "<group>"; };
/* End PBXFileReference section */

/* Begin PBXFrameworksBuildPhase section */
		9E0B2FBE20E603F500F67E7D /* Frameworks */ = {
			isa = PBXFrameworksBuildPhase;
			buildActionMask = 2147483647;
			files = (
				9E0B2FD320E6042300F67E7D /* TLCommon.framework in Frameworks */,
			);
			runOnlyForDeploymentPostprocessing = 0;
		};
		9E26E05220E4C8F5006B7693 /* Frameworks */ = {
			isa = PBXFrameworksBuildPhase;
			buildActionMask = 2147483647;
			files = (
			);
			runOnlyForDeploymentPostprocessing = 0;
		};
/* End PBXFrameworksBuildPhase section */

/* Begin PBXGroup section */
		9E0B2FBA20E5D77500F67E7D /* View */ = {
			isa = PBXGroup;
			children = (
				9E0B2FBB20E5D78300F67E7D /* TLTextView.swift */,
			);
			path = View;
			sourceTree = "<group>";
		};
		9E0B2FC220E603F500F67E7D /* Example */ = {
			isa = PBXGroup;
			children = (
				9E0B2FC320E603F500F67E7D /* AppDelegate.swift */,
				9E0B2FC520E603F500F67E7D /* ViewController.swift */,
				9E0B2FC720E603F500F67E7D /* Main.storyboard */,
				9E0B2FCA20E603F500F67E7D /* Assets.xcassets */,
				9E0B2FCC20E603F500F67E7D /* LaunchScreen.storyboard */,
				9E0B2FCF20E603F500F67E7D /* Info.plist */,
			);
			path = Example;
			sourceTree = "<group>";
		};
		9E26E04C20E4C8F5006B7693 = {
			isa = PBXGroup;
			children = (
				9E26E06120E4C918006B7693 /* Sources */,
				9E0B2FC220E603F500F67E7D /* Example */,
				9E26E05720E4C8F5006B7693 /* Products */,
			);
			sourceTree = "<group>";
		};
		9E26E05720E4C8F5006B7693 /* Products */ = {
			isa = PBXGroup;
			children = (
				9E26E05620E4C8F5006B7693 /* TLCommon.framework */,
				9E0B2FC120E603F500F67E7D /* Example.app */,
			);
			name = Products;
			sourceTree = "<group>";
		};
		9E26E06120E4C918006B7693 /* Sources */ = {
			isa = PBXGroup;
			children = (
				9E0B2FBA20E5D77500F67E7D /* View */,
				9E26E07E20E4DBE0006B7693 /* Protocol */,
				9E26E07320E4D521006B7693 /* Extension */,
				9E26E06C20E4CDC9006B7693 /* Utils */,
				9E26E06920E4CD20006B7693 /* Constant */,
				9E26E06420E4CBD1006B7693 /* Base */,
				9E26E06220E4C92A006B7693 /* Info.plist */,
			);
			path = Sources;
			sourceTree = "<group>";
		};
		9E26E06420E4CBD1006B7693 /* Base */ = {
			isa = PBXGroup;
			children = (
				9E26E06520E4CC32006B7693 /* BaseNavigationController.swift */,
				9E26E06620E4CC32006B7693 /* BaseViewController.swift */,
			);
			path = Base;
			sourceTree = "<group>";
		};
		9E26E06920E4CD20006B7693 /* Constant */ = {
			isa = PBXGroup;
			children = (
				9E26E06A20E4CD31006B7693 /* Constant.swift */,
			);
			path = Constant;
			sourceTree = "<group>";
		};
		9E26E06C20E4CDC9006B7693 /* Utils */ = {
			isa = PBXGroup;
			children = (
				9E26E06D20E4CE11006B7693 /* LogUtils.swift */,
				9E26E06E20E4CE11006B7693 /* SandBoxUtils.swift */,
				9E26E06F20E4CE11006B7693 /* Utils.swift */,
			);
			path = Utils;
			sourceTree = "<group>";
		};
		9E26E07320E4D521006B7693 /* Extension */ = {
			isa = PBXGroup;
			children = (
				9E63B44920EB4AA00028F6FE /* DispatchQueueExtension.swift */,
				9E63B44720EB4A870028F6FE /* UIBarButtonItemFixSpace.swift */,
				9E26E07A20E4D879006B7693 /* UIViewExtension.swift */,
				9E26E07820E4D831006B7693 /* UIColorExtension.swift */,
				9E26E07420E4D552006B7693 /* IDValidation.swift */,
				9E26E07620E4D6D5006B7693 /* StringExtension.swift */,
				9E26E07C20E4D8E0006B7693 /* UIImageExtension.swift */,
			);
			path = Extension;
			sourceTree = "<group>";
		};
		9E26E07E20E4DBE0006B7693 /* Protocol */ = {
			isa = PBXGroup;
			children = (
				9E26E07F20E4DBF6006B7693 /* TableEmptyable.swift */,
			);
			path = Protocol;
			sourceTree = "<group>";
		};
/* End PBXGroup section */

/* Begin PBXHeadersBuildPhase section */
		9E26E05320E4C8F5006B7693 /* Headers */ = {
			isa = PBXHeadersBuildPhase;
			buildActionMask = 2147483647;
			files = (
			);
			runOnlyForDeploymentPostprocessing = 0;
		};
/* End PBXHeadersBuildPhase section */

/* Begin PBXNativeTarget section */
		9E0B2FC020E603F500F67E7D /* Example */ = {
			isa = PBXNativeTarget;
			buildConfigurationList = 9E0B2FD220E603F500F67E7D /* Build configuration list for PBXNativeTarget "Example" */;
			buildPhases = (
				9E0B2FBD20E603F500F67E7D /* Sources */,
				9E0B2FBE20E603F500F67E7D /* Frameworks */,
				9E0B2FBF20E603F500F67E7D /* Resources */,
				9E0B2FD720E6042300F67E7D /* Embed Frameworks */,
			);
			buildRules = (
			);
			dependencies = (
				9E0B2FD620E6042300F67E7D /* PBXTargetDependency */,
			);
			name = Example;
			productName = Example;
			productReference = 9E0B2FC120E603F500F67E7D /* Example.app */;
			productType = "com.apple.product-type.application";
		};
		9E26E05520E4C8F5006B7693 /* TLCommon */ = {
			isa = PBXNativeTarget;
			buildConfigurationList = 9E26E05E20E4C8F5006B7693 /* Build configuration list for PBXNativeTarget "TLCommon" */;
			buildPhases = (
				9E26E05120E4C8F5006B7693 /* Sources */,
				9E26E05220E4C8F5006B7693 /* Frameworks */,
				9E26E05320E4C8F5006B7693 /* Headers */,
				9E26E05420E4C8F5006B7693 /* Resources */,
			);
			buildRules = (
			);
			dependencies = (
				9E6E8E43214B5DF900664C7F /* PBXTargetDependency */,
			);
			name = TLCommon;
			productName = TLCommon;
			productReference = 9E26E05620E4C8F5006B7693 /* TLCommon.framework */;
			productType = "com.apple.product-type.framework";
		};
/* End PBXNativeTarget section */

/* Begin PBXProject section */
		9E26E04D20E4C8F5006B7693 /* Project object */ = {
			isa = PBXProject;
			attributes = {
				LastSwiftUpdateCheck = 0940;
				LastUpgradeCheck = 0940;
				ORGANIZATIONNAME = Charles;
				TargetAttributes = {
					9E0B2FC020E603F500F67E7D = {
						CreatedOnToolsVersion = 9.4.1;
					};
					9E26E05520E4C8F5006B7693 = {
						CreatedOnToolsVersion = 9.4.1;
						LastSwiftMigration = 0940;
					};
					9E6E8E3D214B5DC100664C7F = {
						CreatedOnToolsVersion = 9.4.1;
					};
				};
			};
			buildConfigurationList = 9E26E05020E4C8F5006B7693 /* Build configuration list for PBXProject "TLCommon" */;
			compatibilityVersion = "Xcode 9.3";
			developmentRegion = en;
			hasScannedForEncodings = 0;
			knownRegions = (
				en,
				Base,
			);
			mainGroup = 9E26E04C20E4C8F5006B7693;
			productRefGroup = 9E26E05720E4C8F5006B7693 /* Products */;
			projectDirPath = "";
			projectRoot = "";
			targets = (
				9E26E05520E4C8F5006B7693 /* TLCommon */,
				9E0B2FC020E603F500F67E7D /* Example */,
				9E6E8E3D214B5DC100664C7F /* CommonCryptoModuleMap */,
			);
		};
/* End PBXProject section */

/* Begin PBXResourcesBuildPhase section */
		9E0B2FBF20E603F500F67E7D /* Resources */ = {
			isa = PBXResourcesBuildPhase;
			buildActionMask = 2147483647;
			files = (
				9E0B2FCE20E603F500F67E7D /* LaunchScreen.storyboard in Resources */,
				9E0B2FCB20E603F500F67E7D /* Assets.xcassets in Resources */,
				9E0B2FC920E603F500F67E7D /* Main.storyboard in Resources */,
			);
			runOnlyForDeploymentPostprocessing = 0;
		};
		9E26E05420E4C8F5006B7693 /* Resources */ = {
			isa = PBXResourcesBuildPhase;
			buildActionMask = 2147483647;
			files = (
			);
			runOnlyForDeploymentPostprocessing = 0;
		};
/* End PBXResourcesBuildPhase section */

/* Begin PBXShellScriptBuildPhase section */
		9E6E8E41214B5DD000664C7F /* ShellScript */ = {
			isa = PBXShellScriptBuildPhase;
			buildActionMask = 2147483647;
			files = (
			);
			inputPaths = (
			);
			outputPaths = (
			);
			runOnlyForDeploymentPostprocessing = 0;
			shellPath = /bin/sh;
			shellScript = "# This if-statement means we'll only run the main script if the CommonCryptoModuleMap directory doesn't exist\n# Because otherwise the rest of the script causes a full recompile for anything where CommonCrypto is a dependency\n# Do a \"Clean Build Folder\" to remove this directory and trigger the rest of the script to run\nif [ -d \"${BUILT_PRODUCTS_DIR}/CommonCryptoModuleMap\" ]; then\necho \"${BUILT_PRODUCTS_DIR}/CommonCryptoModuleMap directory already exists, so skipping the rest of the script.\"\nexit 0\nfi\n\nmkdir -p \"${BUILT_PRODUCTS_DIR}/CommonCryptoModuleMap\"\ncat <<EOF > \"${BUILT_PRODUCTS_DIR}/CommonCryptoModuleMap/module.modulemap\"\nmodule CommonCrypto [system] {\n    header \"${SDKROOT}/usr/include/CommonCrypto/CommonCrypto.h\"\n    export *\n}\nEOF";
		};
/* End PBXShellScriptBuildPhase section */

/* Begin PBXSourcesBuildPhase section */
		9E0B2FBD20E603F500F67E7D /* Sources */ = {
			isa = PBXSourcesBuildPhase;
			buildActionMask = 2147483647;
			files = (
				9E0B2FC620E603F500F67E7D /* ViewController.swift in Sources */,
				9E0B2FC420E603F500F67E7D /* AppDelegate.swift in Sources */,
			);
			runOnlyForDeploymentPostprocessing = 0;
		};
		9E26E05120E4C8F5006B7693 /* Sources */ = {
			isa = PBXSourcesBuildPhase;
			buildActionMask = 2147483647;
			files = (
				9E26E07B20E4D879006B7693 /* UIViewExtension.swift in Sources */,
				9E26E07020E4CE11006B7693 /* LogUtils.swift in Sources */,
				9E63B44A20EB4AA00028F6FE /* DispatchQueueExtension.swift in Sources */,
				9E26E06720E4CC32006B7693 /* BaseNavigationController.swift in Sources */,
				9E26E06820E4CC32006B7693 /* BaseViewController.swift in Sources */,
				9E26E07D20E4D8E0006B7693 /* UIImageExtension.swift in Sources */,
				9E26E07520E4D552006B7693 /* IDValidation.swift in Sources */,
				9E0B2FBC20E5D78300F67E7D /* TLTextView.swift in Sources */,
				9E26E07720E4D6D5006B7693 /* StringExtension.swift in Sources */,
				9E26E07920E4D831006B7693 /* UIColorExtension.swift in Sources */,
				9E26E06B20E4CD31006B7693 /* Constant.swift in Sources */,
				9E26E07120E4CE11006B7693 /* SandBoxUtils.swift in Sources */,
				9E26E08020E4DBF6006B7693 /* TableEmptyable.swift in Sources */,
				9E26E07220E4CE11006B7693 /* Utils.swift in Sources */,
				9E63B44820EB4A870028F6FE /* UIBarButtonItemFixSpace.swift in Sources */,
			);
			runOnlyForDeploymentPostprocessing = 0;
		};
/* End PBXSourcesBuildPhase section */

/* Begin PBXTargetDependency section */
		9E0B2FD620E6042300F67E7D /* PBXTargetDependency */ = {
			isa = PBXTargetDependency;
			target = 9E26E05520E4C8F5006B7693 /* TLCommon */;
			targetProxy = 9E0B2FD520E6042300F67E7D /* PBXContainerItemProxy */;
		};
		9E6E8E43214B5DF900664C7F /* PBXTargetDependency */ = {
			isa = PBXTargetDependency;
			target = 9E6E8E3D214B5DC100664C7F /* CommonCryptoModuleMap */;
			targetProxy = 9E6E8E42214B5DF900664C7F /* PBXContainerItemProxy */;
		};
/* End PBXTargetDependency section */

/* Begin PBXVariantGroup section */
		9E0B2FC720E603F500F67E7D /* Main.storyboard */ = {
			isa = PBXVariantGroup;
			children = (
				9E0B2FC820E603F500F67E7D /* Base */,
			);
			name = Main.storyboard;
			sourceTree = "<group>";
		};
		9E0B2FCC20E603F500F67E7D /* LaunchScreen.storyboard */ = {
			isa = PBXVariantGroup;
			children = (
				9E0B2FCD20E603F500F67E7D /* Base */,
			);
			name = LaunchScreen.storyboard;
			sourceTree = "<group>";
		};
/* End PBXVariantGroup section */

/* Begin XCBuildConfiguration section */
		9E0B2FD020E603F500F67E7D /* Debug */ = {
			isa = XCBuildConfiguration;
			buildSettings = {
				ALWAYS_EMBED_SWIFT_STANDARD_LIBRARIES = YES;
				ASSETCATALOG_COMPILER_APPICON_NAME = AppIcon;
				CODE_SIGN_STYLE = Automatic;
				INFOPLIST_FILE = Example/Info.plist;
				LD_RUNPATH_SEARCH_PATHS = (
					"$(inherited)",
					"@executable_path/Frameworks",
				);
				PRODUCT_BUNDLE_IDENTIFIER = com.txws.Example;
				PRODUCT_NAME = "$(TARGET_NAME)";
				SWIFT_VERSION = 4.0;
				TARGETED_DEVICE_FAMILY = "1,2";
			};
			name = Debug;
		};
		9E0B2FD120E603F500F67E7D /* Release */ = {
			isa = XCBuildConfiguration;
			buildSettings = {
				ALWAYS_EMBED_SWIFT_STANDARD_LIBRARIES = YES;
				ASSETCATALOG_COMPILER_APPICON_NAME = AppIcon;
				CODE_SIGN_STYLE = Automatic;
				INFOPLIST_FILE = Example/Info.plist;
				LD_RUNPATH_SEARCH_PATHS = (
					"$(inherited)",
					"@executable_path/Frameworks",
				);
				PRODUCT_BUNDLE_IDENTIFIER = com.txws.Example;
				PRODUCT_NAME = "$(TARGET_NAME)";
				SWIFT_VERSION = 4.0;
				TARGETED_DEVICE_FAMILY = "1,2";
			};
			name = Release;
		};
		9E26E05C20E4C8F5006B7693 /* Debug */ = {
			isa = XCBuildConfiguration;
			buildSettings = {
				ALWAYS_SEARCH_USER_PATHS = NO;
				CLANG_ANALYZER_NONNULL = YES;
				CLANG_ANALYZER_NUMBER_OBJECT_CONVERSION = YES_AGGRESSIVE;
				CLANG_CXX_LANGUAGE_STANDARD = "gnu++14";
				CLANG_CXX_LIBRARY = "libc++";
				CLANG_ENABLE_MODULES = YES;
				CLANG_ENABLE_OBJC_ARC = YES;
				CLANG_ENABLE_OBJC_WEAK = YES;
				CLANG_WARN_BLOCK_CAPTURE_AUTORELEASING = YES;
				CLANG_WARN_BOOL_CONVERSION = YES;
				CLANG_WARN_COMMA = YES;
				CLANG_WARN_CONSTANT_CONVERSION = YES;
				CLANG_WARN_DEPRECATED_OBJC_IMPLEMENTATIONS = YES;
				CLANG_WARN_DIRECT_OBJC_ISA_USAGE = YES_ERROR;
				CLANG_WARN_DOCUMENTATION_COMMENTS = YES;
				CLANG_WARN_EMPTY_BODY = YES;
				CLANG_WARN_ENUM_CONVERSION = YES;
				CLANG_WARN_INFINITE_RECURSION = YES;
				CLANG_WARN_INT_CONVERSION = YES;
				CLANG_WARN_NON_LITERAL_NULL_CONVERSION = YES;
				CLANG_WARN_OBJC_IMPLICIT_RETAIN_SELF = YES;
				CLANG_WARN_OBJC_LITERAL_CONVERSION = YES;
				CLANG_WARN_OBJC_ROOT_CLASS = YES_ERROR;
				CLANG_WARN_RANGE_LOOP_ANALYSIS = YES;
				CLANG_WARN_STRICT_PROTOTYPES = YES;
				CLANG_WARN_SUSPICIOUS_MOVE = YES;
				CLANG_WARN_UNGUARDED_AVAILABILITY = YES_AGGRESSIVE;
				CLANG_WARN_UNREACHABLE_CODE = YES;
				CLANG_WARN__DUPLICATE_METHOD_MATCH = YES;
				CODE_SIGN_IDENTITY = "iPhone Developer";
				COPY_PHASE_STRIP = NO;
				CURRENT_PROJECT_VERSION = 1;
				DEBUG_INFORMATION_FORMAT = dwarf;
				ENABLE_STRICT_OBJC_MSGSEND = YES;
				ENABLE_TESTABILITY = YES;
				GCC_C_LANGUAGE_STANDARD = gnu11;
				GCC_DYNAMIC_NO_PIC = NO;
				GCC_NO_COMMON_BLOCKS = YES;
				GCC_OPTIMIZATION_LEVEL = 0;
				GCC_PREPROCESSOR_DEFINITIONS = (
					"DEBUG=1",
					"$(inherited)",
				);
				GCC_WARN_64_TO_32_BIT_CONVERSION = YES;
				GCC_WARN_ABOUT_RETURN_TYPE = YES_ERROR;
				GCC_WARN_UNDECLARED_SELECTOR = YES;
				GCC_WARN_UNINITIALIZED_AUTOS = YES_AGGRESSIVE;
				GCC_WARN_UNUSED_FUNCTION = YES;
				GCC_WARN_UNUSED_VARIABLE = YES;
				IPHONEOS_DEPLOYMENT_TARGET = 11.4;
				MTL_ENABLE_DEBUG_INFO = YES;
				ONLY_ACTIVE_ARCH = YES;
				SDKROOT = iphoneos;
				SWIFT_ACTIVE_COMPILATION_CONDITIONS = DEBUG;
				SWIFT_OPTIMIZATION_LEVEL = "-Onone";
				VERSIONING_SYSTEM = "apple-generic";
				VERSION_INFO_PREFIX = "";
			};
			name = Debug;
		};
		9E26E05D20E4C8F5006B7693 /* Release */ = {
			isa = XCBuildConfiguration;
			buildSettings = {
				ALWAYS_SEARCH_USER_PATHS = NO;
				CLANG_ANALYZER_NONNULL = YES;
				CLANG_ANALYZER_NUMBER_OBJECT_CONVERSION = YES_AGGRESSIVE;
				CLANG_CXX_LANGUAGE_STANDARD = "gnu++14";
				CLANG_CXX_LIBRARY = "libc++";
				CLANG_ENABLE_MODULES = YES;
				CLANG_ENABLE_OBJC_ARC = YES;
				CLANG_ENABLE_OBJC_WEAK = YES;
				CLANG_WARN_BLOCK_CAPTURE_AUTORELEASING = YES;
				CLANG_WARN_BOOL_CONVERSION = YES;
				CLANG_WARN_COMMA = YES;
				CLANG_WARN_CONSTANT_CONVERSION = YES;
				CLANG_WARN_DEPRECATED_OBJC_IMPLEMENTATIONS = YES;
				CLANG_WARN_DIRECT_OBJC_ISA_USAGE = YES_ERROR;
				CLANG_WARN_DOCUMENTATION_COMMENTS = YES;
				CLANG_WARN_EMPTY_BODY = YES;
				CLANG_WARN_ENUM_CONVERSION = YES;
				CLANG_WARN_INFINITE_RECURSION = YES;
				CLANG_WARN_INT_CONVERSION = YES;
				CLANG_WARN_NON_LITERAL_NULL_CONVERSION = YES;
				CLANG_WARN_OBJC_IMPLICIT_RETAIN_SELF = YES;
				CLANG_WARN_OBJC_LITERAL_CONVERSION = YES;
				CLANG_WARN_OBJC_ROOT_CLASS = YES_ERROR;
				CLANG_WARN_RANGE_LOOP_ANALYSIS = YES;
				CLANG_WARN_STRICT_PROTOTYPES = YES;
				CLANG_WARN_SUSPICIOUS_MOVE = YES;
				CLANG_WARN_UNGUARDED_AVAILABILITY = YES_AGGRESSIVE;
				CLANG_WARN_UNREACHABLE_CODE = YES;
				CLANG_WARN__DUPLICATE_METHOD_MATCH = YES;
				CODE_SIGN_IDENTITY = "iPhone Developer";
				COPY_PHASE_STRIP = NO;
				CURRENT_PROJECT_VERSION = 1;
				DEBUG_INFORMATION_FORMAT = "dwarf-with-dsym";
				ENABLE_NS_ASSERTIONS = NO;
				ENABLE_STRICT_OBJC_MSGSEND = YES;
				GCC_C_LANGUAGE_STANDARD = gnu11;
				GCC_NO_COMMON_BLOCKS = YES;
				GCC_WARN_64_TO_32_BIT_CONVERSION = YES;
				GCC_WARN_ABOUT_RETURN_TYPE = YES_ERROR;
				GCC_WARN_UNDECLARED_SELECTOR = YES;
				GCC_WARN_UNINITIALIZED_AUTOS = YES_AGGRESSIVE;
				GCC_WARN_UNUSED_FUNCTION = YES;
				GCC_WARN_UNUSED_VARIABLE = YES;
				IPHONEOS_DEPLOYMENT_TARGET = 11.4;
				MTL_ENABLE_DEBUG_INFO = NO;
				SDKROOT = iphoneos;
				SWIFT_COMPILATION_MODE = wholemodule;
				SWIFT_OPTIMIZATION_LEVEL = "-O";
				VALIDATE_PRODUCT = YES;
				VERSIONING_SYSTEM = "apple-generic";
				VERSION_INFO_PREFIX = "";
			};
			name = Release;
		};
		9E26E05F20E4C8F5006B7693 /* Debug */ = {
			isa = XCBuildConfiguration;
			buildSettings = {
				CLANG_ENABLE_MODULES = YES;
				CODE_SIGN_IDENTITY = "";
				CODE_SIGN_STYLE = Automatic;
				DEFINES_MODULE = YES;
				DYLIB_COMPATIBILITY_VERSION = 1;
				DYLIB_CURRENT_VERSION = 1;
				DYLIB_INSTALL_NAME_BASE = "@rpath";
				HEADER_SEARCH_PATHS = (
					"$(inherited)",
					"${BUILT_PRODUCTS_DIR}/CommonCryptoModuleMap",
				);
				INFOPLIST_FILE = Sources/Info.plist;
				INSTALL_PATH = "$(LOCAL_LIBRARY_DIR)/Frameworks";
				IPHONEOS_DEPLOYMENT_TARGET = 8.0;
				LD_RUNPATH_SEARCH_PATHS = (
					"$(inherited)",
					"@executable_path/Frameworks",
					"@loader_path/Frameworks",
				);
				PRODUCT_BUNDLE_IDENTIFIER = com.txws.TLCommon;
				PRODUCT_NAME = "$(TARGET_NAME:c99extidentifier)";
				SKIP_INSTALL = YES;
				SWIFT_OPTIMIZATION_LEVEL = "-Onone";
				SWIFT_VERSION = 4.0;
				TARGETED_DEVICE_FAMILY = "1,2";
			};
			name = Debug;
		};
		9E26E06020E4C8F5006B7693 /* Release */ = {
			isa = XCBuildConfiguration;
			buildSettings = {
				CLANG_ENABLE_MODULES = YES;
				CODE_SIGN_IDENTITY = "";
				CODE_SIGN_STYLE = Automatic;
				DEFINES_MODULE = YES;
				DYLIB_COMPATIBILITY_VERSION = 1;
				DYLIB_CURRENT_VERSION = 1;
				DYLIB_INSTALL_NAME_BASE = "@rpath";
				HEADER_SEARCH_PATHS = (
					"$(inherited)",
					"${BUILT_PRODUCTS_DIR}/CommonCryptoModuleMap",
				);
				INFOPLIST_FILE = Sources/Info.plist;
				INSTALL_PATH = "$(LOCAL_LIBRARY_DIR)/Frameworks";
				IPHONEOS_DEPLOYMENT_TARGET = 8.0;
				LD_RUNPATH_SEARCH_PATHS = (
					"$(inherited)",
					"@executable_path/Frameworks",
					"@loader_path/Frameworks",
				);
				PRODUCT_BUNDLE_IDENTIFIER = com.txws.TLCommon;
				PRODUCT_NAME = "$(TARGET_NAME:c99extidentifier)";
				SKIP_INSTALL = YES;
				SWIFT_VERSION = 4.0;
				TARGETED_DEVICE_FAMILY = "1,2";
			};
			name = Release;
		};
		9E6E8E3E214B5DC100664C7F /* Debug */ = {
			isa = XCBuildConfiguration;
			buildSettings = {
				CODE_SIGN_STYLE = Automatic;
				PRODUCT_NAME = "$(TARGET_NAME)";
			};
			name = Debug;
		};
		9E6E8E3F214B5DC100664C7F /* Release */ = {
			isa = XCBuildConfiguration;
			buildSettings = {
				CODE_SIGN_STYLE = Automatic;
				PRODUCT_NAME = "$(TARGET_NAME)";
			};
			name = Release;
		};
/* End XCBuildConfiguration section */

/* Begin XCConfigurationList section */
		9E0B2FD220E603F500F67E7D /* Build configuration list for PBXNativeTarget "Example" */ = {
			isa = XCConfigurationList;
			buildConfigurations = (
				9E0B2FD020E603F500F67E7D /* Debug */,
				9E0B2FD120E603F500F67E7D /* Release */,
			);
			defaultConfigurationIsVisible = 0;
			defaultConfigurationName = Release;
		};
		9E26E05020E4C8F5006B7693 /* Build configuration list for PBXProject "TLCommon" */ = {
			isa = XCConfigurationList;
			buildConfigurations = (
				9E26E05C20E4C8F5006B7693 /* Debug */,
				9E26E05D20E4C8F5006B7693 /* Release */,
			);
			defaultConfigurationIsVisible = 0;
			defaultConfigurationName = Release;
		};
		9E26E05E20E4C8F5006B7693 /* Build configuration list for PBXNativeTarget "TLCommon" */ = {
			isa = XCConfigurationList;
			buildConfigurations = (
				9E26E05F20E4C8F5006B7693 /* Debug */,
				9E26E06020E4C8F5006B7693 /* Release */,
			);
			defaultConfigurationIsVisible = 0;
			defaultConfigurationName = Release;
		};
		9E6E8E40214B5DC100664C7F /* Build configuration list for PBXAggregateTarget "CommonCryptoModuleMap" */ = {
			isa = XCConfigurationList;
			buildConfigurations = (
				9E6E8E3E214B5DC100664C7F /* Debug */,
				9E6E8E3F214B5DC100664C7F /* Release */,
			);
			defaultConfigurationIsVisible = 0;
			defaultConfigurationName = Release;
		};
/* End XCConfigurationList section */
	};
	rootObject = 9E26E04D20E4C8F5006B7693 /* Project object */;
}
